{
    "_readme": [
        "This file locks the dependencies of your project to a known state",
        "Read more about it at http://getcomposer.org/doc/01-basic-usage.md#composer-lock-the-lock-file"
    ],
    "hash": "ece0ccc98cd65c33ff282786d819c794",
    "packages": [
        {
            "name": "markwilson/verbal-expressions-php",
            "version": "dev-master",
            "source": {
                "type": "git",
                "url": "https://github.com/markwilson/VerbalExpressionsPhp.git",
                "reference": "913485ff43edcaf2148d497860633be631d648d6"
            },
            "dist": {
                "type": "zip",
                "url": "https://api.github.com/repos/markwilson/VerbalExpressionsPhp/zipball/913485ff43edcaf2148d497860633be631d648d6",
                "reference": "913485ff43edcaf2148d497860633be631d648d6",
                "shasum": ""
            },
            "require-dev": {
                "phpunit/phpunit": "3.7.*",
                "squizlabs/php_codesniffer": "1.*"
            },
            "type": "library",
            "autoload": {
                "psr-0": {
                    "MarkWilson\\": "src/"
                }
            },
            "notification-url": "https://packagist.org/downloads/",
            "license": [
                "MIT"
            ],
            "authors": [
                {
                    "name": "Mark Wilson",
                    "email": "mark@89allport.co.uk",
                    "homepage": "http://markwilson.me"
                }
            ],
            "description": "VerbalExpressions for PHP; ported from jehna/VerbalExpressions",
            "keywords": [
                "expressions",
                "regular",
                "verbal"
            ],
            "time": "2013-07-24 16:37:26"
        }
    ],
    "packages-dev": [

    ],
    "aliases": [

    ],
    "minimum-stability": "stable",
    "stability-flags": {
        "markwilson/verbal-expressions-php": 20
    },
    "platform": [

    ],
    "platform-dev": [

    ]
}
